
Microsoft Visual Studio Solution File, Format Version 12.00
# Visual Studio Version 17
VisualStudioVersion = 17.2.32616.157
MinimumVisualStudioVersion = 10.0.40219.1
Project("{FAE04EC0-301F-11D3-BF4B-00C04F79EFBC}") = "PaintWPF", "PaintWPF.csproj", "{AAF3E025-EA4E-43BE-9883-DA4D9DBCE17D}"
EndProject
Global
	GlobalSection(SolutionConfigurationPlatforms) = preSolution
		Debug|Any CPU = Debug|Any CPU
		Release|Any CPU = Release|Any CPU
	EndGlobalSection
	GlobalSection(ProjectConfigurationPlatforms) = postSolution
		{AAF3E025-EA4E-43BE-9883-DA4D9DBCE17D}.Debug|Any CPU.ActiveCfg = Debug|Any CPU
		{AAF3E025-EA4E-43BE-9883-DA4D9DBCE17D}.Debug|Any CPU.Build.0 = Debug|Any CPU
		{AAF3E025-EA4E-43BE-9883-DA4D9DBCE17D}.Release|Any CPU.ActiveCfg = Release|Any CPU
		{AAF3E025-EA4E-43BE-9883-DA4D9DBCE17D}.Release|Any CPU.Build.0 = Release|Any CPU
	EndGlobalSection
	GlobalSection(SolutionProperties) = preSolution
		HideSolutionNode = FALSE
	EndGlobalSection
	GlobalSection(ExtensibilityGlobals) = postSolution
		SolutionGuid = {46D72C3D-5826-4B71-B6A9-4DAC5C5CB910}
	EndGlobalSection
EndGlobal
